
Microsoft Visual Studio Solution File, Format Version 12.00
# Visual Studio 15
VisualStudioVersion = 15.0.28307.489
MinimumVisualStudioVersion = 10.0.40219.1
Project("{FAE04EC0-301F-11D3-BF4B-00C04F79EFBC}") = "EntityFrameworkExample", "EntityFrameworkExample\EntityFrameworkExample.csproj", "{04A4773D-CCCF-4183-836D-957E4CA04053}"
EndProject
Global
	GlobalSection(SolutionConfigurationPlatforms) = preSolution
		Debug|Any CPU = Debug|Any CPU
		Release|Any CPU = Release|Any CPU
	EndGlobalSection
	GlobalSection(ProjectConfigurationPlatforms) = postSolution
		{04A4773D-CCCF-4183-836D-957E4CA04053}.Debug|Any CPU.ActiveCfg = Debug|Any CPU
		{04A4773D-CCCF-4183-836D-957E4CA04053}.Debug|Any CPU.Build.0 = Debug|Any CPU
		{04A4773D-CCCF-4183-836D-957E4CA04053}.Release|Any CPU.ActiveCfg = Release|Any CPU
		{04A4773D-CCCF-4183-836D-957E4CA04053}.Release|Any CPU.Build.0 = Release|Any CPU
	EndGlobalSection
	GlobalSection(SolutionProperties) = preSolution
		HideSolutionNode = FALSE
	EndGlobalSection
	GlobalSection(ExtensibilityGlobals) = postSolution
		SolutionGuid = {B0C01680-1C02-443F-8AE5-A4036D15F93A}
	EndGlobalSection
EndGlobal
